
Microsoft Visual Studio Solution File, Format Version 12.00
# Visual Studio 15
VisualStudioVersion = 15.0.28307.1321
MinimumVisualStudioVersion = 10.0.40219.1
Project("{FAE04EC0-301F-11D3-BF4B-00C04F79EFBC}") = "WindowsFormsLlenadoNotas", "WindowsFormsLlenadoNotas\WindowsFormsLlenadoNotas.csproj", "{F1CE6B95-F38D-49CF-9DFB-254ED454B8FB}"
EndProject
Global
	GlobalSection(SolutionConfigurationPlatforms) = preSolution
		Debug|Any CPU = Debug|Any CPU
		Release|Any CPU = Release|Any CPU
	EndGlobalSection
	GlobalSection(ProjectConfigurationPlatforms) = postSolution
		{F1CE6B95-F38D-49CF-9DFB-254ED454B8FB}.Debug|Any CPU.ActiveCfg = Debug|Any CPU
		{F1CE6B95-F38D-49CF-9DFB-254ED454B8FB}.Debug|Any CPU.Build.0 = Debug|Any CPU
		{F1CE6B95-F38D-49CF-9DFB-254ED454B8FB}.Release|Any CPU.ActiveCfg = Release|Any CPU
		{F1CE6B95-F38D-49CF-9DFB-254ED454B8FB}.Release|Any CPU.Build.0 = Release|Any CPU
	EndGlobalSection
	GlobalSection(SolutionProperties) = preSolution
		HideSolutionNode = FALSE
	EndGlobalSection
	GlobalSection(ExtensibilityGlobals) = postSolution
		SolutionGuid = {4E1AF864-6153-4764-9791-F8C3D5A17498}
	EndGlobalSection
EndGlobal
